{
  "requires": true,
  "lockfileVersion": 1,
  "dependencies": {
    "@kieranbarker/serialize": {
      "version": "1.0.1",
      "resolved": "https://registry.npmjs.org/@kieranbarker/serialize/-/serialize-1.0.1.tgz",
      "integrity": "sha512-AAI79R8qfZ+4DhqYKSseznlmGcAyweNkzPPY6v/rMxyNcMRaUyUXf9mwLHEr3OT9ZSuOs9hyWBMa/XSAjELosA=="
    }
  }
}
